{
  "requires": true,
  "lockfileVersion": 1,
  "dependencies": {
    "jsonrepair": {
      "version": "3.13.0",
      "resolved": "https://registry.npmjs.org/jsonrepair/-/jsonrepair-3.13.0.tgz",
      "integrity": "sha512-5YRzlAQ7tuzV1nAJu3LvDlrKtBFIALHN2+a+I1MGJCt3ldRDBF/bZuvIPzae8Epot6KBXd0awRZZcuoeAsZ/mw=="
    }
  }
}
